
Microsoft Visual Studio Solution File, Format Version 12.00
# Visual Studio Version 16
VisualStudioVersion = 16.0.809.8
MinimumVisualStudioVersion = 10.0.40219.1
Project("{FAE04EC0-301F-11D3-BF4B-00C04F79EFBC}") = "Pharmacy.Domain", "Pharmacy.Core\Pharmacy.Domain.csproj", "{ECB04D0C-D753-402F-A289-B173E4DD3814}"
EndProject
Project("{2150E333-8FDC-42A3-9474-1A3956D46DE8}") = "BL", "BL", "{04FBF513-6E55-42A5-B23D-FD0BBEB0A5C2}"
EndProject
Project("{FAE04EC0-301F-11D3-BF4B-00C04F79EFBC}") = "Pharmacy.BL", "BL\Pharmacy.BL\Pharmacy.BL.csproj", "{B1BAFACF-0159-4C89-B4B0-2FF084AC8369}"
EndProject
Project("{2150E333-8FDC-42A3-9474-1A3956D46DE8}") = "DAL", "DAL", "{537F3966-74C8-4644-BC9A-554CBC4FAB90}"
EndProject
Project("{FAE04EC0-301F-11D3-BF4B-00C04F79EFBC}") = "Pharmacy.DAL.MySql", "DAL\Pharmacy.DAL.MySql\Pharmacy.DAL.MySql.csproj", "{12FD747D-E405-4355-BE36-929CB2BE48DB}"
EndProject
Project("{FAE04EC0-301F-11D3-BF4B-00C04F79EFBC}") = "PharmacyServer", "PharmacyServer\PharmacyServer.csproj", "{288611A4-76DE-4EBD-A953-7610BA7B2D88}"
EndProject
Project("{FAE04EC0-301F-11D3-BF4B-00C04F79EFBC}") = "Pharmacy.API", "Pharmacy.API\Pharmacy.API.csproj", "{61244D2E-C1B0-48F0-A174-68E943D548EC}"
EndProject
Project("{FAE04EC0-301F-11D3-BF4B-00C04F79EFBC}") = "Pharmacy.BL.Contract", "BL\Pharmacy.BL.Services\Pharmacy.BL.Contract.csproj", "{0AE0F84C-5276-4871-95A5-8DA263DCD882}"
EndProject
Project("{FAE04EC0-301F-11D3-BF4B-00C04F79EFBC}") = "Pharmacy.BL.Services", "BL\Pharmacy.BL.Services.Impl\Pharmacy.BL.Services.csproj", "{AB82075E-D118-4FD5-AD0D-5D5A1AD15717}"
EndProject
Project("{FAE04EC0-301F-11D3-BF4B-00C04F79EFBC}") = "Pharmacy.DAL", "DAL\Pharmacy.DAL\Pharmacy.DAL.csproj", "{98DD9397-C2C1-4DC3-B8F1-E88A40B9CFC4}"
EndProject
Project("{FAE04EC0-301F-11D3-BF4B-00C04F79EFBC}") = "Pharmacy.DAL.Contract", "DAL\Pharmacy.DAL.Contract\Pharmacy.DAL.Contract.csproj", "{4E76D64A-B39C-4055-B6BE-440453E1FEFA}"
EndProject
Global
	GlobalSection(SolutionConfigurationPlatforms) = preSolution
		Debug|Any CPU = Debug|Any CPU
		Release|Any CPU = Release|Any CPU
	EndGlobalSection
	GlobalSection(ProjectConfigurationPlatforms) = postSolution
		{ECB04D0C-D753-402F-A289-B173E4DD3814}.Debug|Any CPU.ActiveCfg = Debug|Any CPU
		{ECB04D0C-D753-402F-A289-B173E4DD3814}.Debug|Any CPU.Build.0 = Debug|Any CPU
		{ECB04D0C-D753-402F-A289-B173E4DD3814}.Release|Any CPU.ActiveCfg = Release|Any CPU
		{ECB04D0C-D753-402F-A289-B173E4DD3814}.Release|Any CPU.Build.0 = Release|Any CPU
		{B1BAFACF-0159-4C89-B4B0-2FF084AC8369}.Debug|Any CPU.ActiveCfg = Debug|Any CPU
		{B1BAFACF-0159-4C89-B4B0-2FF084AC8369}.Debug|Any CPU.Build.0 = Debug|Any CPU
		{B1BAFACF-0159-4C89-B4B0-2FF084AC8369}.Release|Any CPU.ActiveCfg = Release|Any CPU
		{B1BAFACF-0159-4C89-B4B0-2FF084AC8369}.Release|Any CPU.Build.0 = Release|Any CPU
		{12FD747D-E405-4355-BE36-929CB2BE48DB}.Debug|Any CPU.ActiveCfg = Debug|Any CPU
		{12FD747D-E405-4355-BE36-929CB2BE48DB}.Debug|Any CPU.Build.0 = Debug|Any CPU
		{12FD747D-E405-4355-BE36-929CB2BE48DB}.Release|Any CPU.ActiveCfg = Release|Any CPU
		{12FD747D-E405-4355-BE36-929CB2BE48DB}.Release|Any CPU.Build.0 = Release|Any CPU
		{288611A4-76DE-4EBD-A953-7610BA7B2D88}.Debug|Any CPU.ActiveCfg = Debug|Any CPU
		{288611A4-76DE-4EBD-A953-7610BA7B2D88}.Debug|Any CPU.Build.0 = Debug|Any CPU
		{288611A4-76DE-4EBD-A953-7610BA7B2D88}.Release|Any CPU.ActiveCfg = Release|Any CPU
		{288611A4-76DE-4EBD-A953-7610BA7B2D88}.Release|Any CPU.Build.0 = Release|Any CPU
		{61244D2E-C1B0-48F0-A174-68E943D548EC}.Debug|Any CPU.ActiveCfg = Debug|Any CPU
		{61244D2E-C1B0-48F0-A174-68E943D548EC}.Debug|Any CPU.Build.0 = Debug|Any CPU
		{61244D2E-C1B0-48F0-A174-68E943D548EC}.Release|Any CPU.ActiveCfg = Release|Any CPU
		{61244D2E-C1B0-48F0-A174-68E943D548EC}.Release|Any CPU.Build.0 = Release|Any CPU
		{0AE0F84C-5276-4871-95A5-8DA263DCD882}.Debug|Any CPU.ActiveCfg = Debug|Any CPU
		{0AE0F84C-5276-4871-95A5-8DA263DCD882}.Debug|Any CPU.Build.0 = Debug|Any CPU
		{0AE0F84C-5276-4871-95A5-8DA263DCD882}.Release|Any CPU.ActiveCfg = Release|Any CPU
		{0AE0F84C-5276-4871-95A5-8DA263DCD882}.Release|Any CPU.Build.0 = Release|Any CPU
		{AB82075E-D118-4FD5-AD0D-5D5A1AD15717}.Debug|Any CPU.ActiveCfg = Debug|Any CPU
		{AB82075E-D118-4FD5-AD0D-5D5A1AD15717}.Debug|Any CPU.Build.0 = Debug|Any CPU
		{AB82075E-D118-4FD5-AD0D-5D5A1AD15717}.Release|Any CPU.ActiveCfg = Release|Any CPU
		{AB82075E-D118-4FD5-AD0D-5D5A1AD15717}.Release|Any CPU.Build.0 = Release|Any CPU
		{98DD9397-C2C1-4DC3-B8F1-E88A40B9CFC4}.Debug|Any CPU.ActiveCfg = Debug|Any CPU
		{98DD9397-C2C1-4DC3-B8F1-E88A40B9CFC4}.Debug|Any CPU.Build.0 = Debug|Any CPU
		{98DD9397-C2C1-4DC3-B8F1-E88A40B9CFC4}.Release|Any CPU.ActiveCfg = Release|Any CPU
		{98DD9397-C2C1-4DC3-B8F1-E88A40B9CFC4}.Release|Any CPU.Build.0 = Release|Any CPU
		{4E76D64A-B39C-4055-B6BE-440453E1FEFA}.Debug|Any CPU.ActiveCfg = Debug|Any CPU
		{4E76D64A-B39C-4055-B6BE-440453E1FEFA}.Debug|Any CPU.Build.0 = Debug|Any CPU
		{4E76D64A-B39C-4055-B6BE-440453E1FEFA}.Release|Any CPU.ActiveCfg = Release|Any CPU
		{4E76D64A-B39C-4055-B6BE-440453E1FEFA}.Release|Any CPU.Build.0 = Release|Any CPU
	EndGlobalSection
	GlobalSection(SolutionProperties) = preSolution
		HideSolutionNode = FALSE
	EndGlobalSection
	GlobalSection(ExtensibilityGlobals) = postSolution
		SolutionGuid = {F99BCC26-BE8D-4838-9708-8E5C7DB41F04}
	EndGlobalSection
	GlobalSection(NestedProjects) = preSolution
		{B1BAFACF-0159-4C89-B4B0-2FF084AC8369} = {04FBF513-6E55-42A5-B23D-FD0BBEB0A5C2}
		{12FD747D-E405-4355-BE36-929CB2BE48DB} = {537F3966-74C8-4644-BC9A-554CBC4FAB90}
		{0AE0F84C-5276-4871-95A5-8DA263DCD882} = {04FBF513-6E55-42A5-B23D-FD0BBEB0A5C2}
		{AB82075E-D118-4FD5-AD0D-5D5A1AD15717} = {04FBF513-6E55-42A5-B23D-FD0BBEB0A5C2}
		{98DD9397-C2C1-4DC3-B8F1-E88A40B9CFC4} = {537F3966-74C8-4644-BC9A-554CBC4FAB90}
		{4E76D64A-B39C-4055-B6BE-440453E1FEFA} = {537F3966-74C8-4644-BC9A-554CBC4FAB90}
	EndGlobalSection
EndGlobal
